
Microsoft Visual Studio Solution File, Format Version 12.00
# Visual Studio 15
VisualStudioVersion = 15.0.27130.2024
MinimumVisualStudioVersion = 10.0.40219.1
Project("{FAE04EC0-301F-11D3-BF4B-00C04F79EFBC}") = "Vaucher", "Vaucher\Vaucher.csproj", "{3C31BD11-DC95-450C-9120-2A1AB41ECA5F}"
EndProject
Global
	GlobalSection(SolutionConfigurationPlatforms) = preSolution
		Debug|Any CPU = Debug|Any CPU
		Release|Any CPU = Release|Any CPU
	EndGlobalSection
	GlobalSection(ProjectConfigurationPlatforms) = postSolution
		{3C31BD11-DC95-450C-9120-2A1AB41ECA5F}.Debug|Any CPU.ActiveCfg = Debug|Any CPU
		{3C31BD11-DC95-450C-9120-2A1AB41ECA5F}.Debug|Any CPU.Build.0 = Debug|Any CPU
		{3C31BD11-DC95-450C-9120-2A1AB41ECA5F}.Release|Any CPU.ActiveCfg = Release|Any CPU
		{3C31BD11-DC95-450C-9120-2A1AB41ECA5F}.Release|Any CPU.Build.0 = Release|Any CPU
	EndGlobalSection
	GlobalSection(SolutionProperties) = preSolution
		HideSolutionNode = FALSE
	EndGlobalSection
	GlobalSection(ExtensibilityGlobals) = postSolution
		SolutionGuid = {F6E9CC88-D94E-498B-903A-7D1962889FED}
	EndGlobalSection
EndGlobal
